github.com/coreos/go-systemd v0.0.0-20191104093116-d3cd4ed1dbcf h1:iW4rZ826su+pqaw19uhpSCzhj44qo35pNgKFGqzDKkU=
github.com/coreos/go-systemd v0.0.0-20191104093116-d3cd4ed1dbcf/go.mod h1:F5haX7vjVVG0kc13fIWeqUViNPyEJxv/OmvnBo0Yme4=
golang.org/x/sys v0.15.0 h1:h48lPFYpsTvQJZF4EKyI4aLHaev3CxivZmv7yZig9pc=
golang.org/x/sys v0.15.0/go.mod h1:/VUhepiaJMQUp4+oa/7Zr1D23ma6VTLIYjOOTFZPUcA=
